github.com/davae1an/jwt/v3 v3.0.0-beta.1 h1:EzDjxMg43q1tA2c0MV3tNbaontnHLplHyFF6M5KiVP0=
github.com/davae1an/jwt/v3 v3.0.0-beta.1/go.mod h1:0eHX/BVySxPc6SE2mZRoppGq7qcEagxdmQnA3dzork8=
golang.org/x/crypto v0.0.0-20190211182817-74369b46fc67 h1:ng3VDlRp5/DHpSWl02R4rM9I+8M2rhmsuLwAMmkLQWE=
golang.org/x/crypto v0.0.0-20190211182817-74369b46fc67/go.mod h1:6SG95UA2DQfeDnfUPMdvaQW0Q7yPrPDi9nlGo2tz2b4=
